
Microsoft Visual Studio Solution File, Format Version 12.00
# Visual Studio Version 16
VisualStudioVersion = 16.0.31005.135
MinimumVisualStudioVersion = 10.0.40219.1
Project("{FAE04EC0-301F-11D3-BF4B-00C04F79EFBC}") = "ConsoleApp11", "ConsoleApp11\ConsoleApp11.csproj", "{F1B9BEE3-CE6D-4DEA-8165-F500529CD60D}"
EndProject
Global
	GlobalSection(SolutionConfigurationPlatforms) = preSolution
		Debug|Any CPU = Debug|Any CPU
		Release|Any CPU = Release|Any CPU
	EndGlobalSection
	GlobalSection(ProjectConfigurationPlatforms) = postSolution
		{F1B9BEE3-CE6D-4DEA-8165-F500529CD60D}.Debug|Any CPU.ActiveCfg = Debug|Any CPU
		{F1B9BEE3-CE6D-4DEA-8165-F500529CD60D}.Debug|Any CPU.Build.0 = Debug|Any CPU
		{F1B9BEE3-CE6D-4DEA-8165-F500529CD60D}.Release|Any CPU.ActiveCfg = Release|Any CPU
		{F1B9BEE3-CE6D-4DEA-8165-F500529CD60D}.Release|Any CPU.Build.0 = Release|Any CPU
	EndGlobalSection
	GlobalSection(SolutionProperties) = preSolution
		HideSolutionNode = FALSE
	EndGlobalSection
	GlobalSection(ExtensibilityGlobals) = postSolution
		SolutionGuid = {E8F97214-F207-4892-9C82-0C5CBB385D54}
	EndGlobalSection
EndGlobal
